Microsoft Visual Studio Solution File, Format Version 12.00
# Visual Studio Version 16
VisualStudioVersion = 16.0.29920.165
MinimumVisualStudioVersion = 15.0.26124.0
Project("{D954291E-2A0B-460D-934E-DC6B0785DB48}") = "UnoOnnx.Shared", "UnoOnnx.Shared\UnoOnnx.Shared.shproj", "{6279C845-92F8-4333-AB99-3D213163593C}"
EndProject
Project("{FAE04EC0-301F-11D3-BF4B-00C04F79EFBC}") = "UnoOnnx.Droid", "UnoOnnx.Droid\UnoOnnx.Droid.csproj", "{195E95AA-1E35-44C7-9912-618343D2E10C}"
EndProject
Project("{FAE04EC0-301F-11D3-BF4B-00C04F79EFBC}") = "UnoOnnx.iOS", "UnoOnnx.iOS\UnoOnnx.iOS.csproj", "{3EA0169B-D9A9-4926-9098-940CCB7057CE}"
EndProject
Project("{9A19103F-16F7-4668-BE54-9A1E7A4F7556}") = "UnoOnnx.Wasm", "UnoOnnx.Wasm\UnoOnnx.Wasm.csproj", "{40EA03F7-8A22-4143-B251-79BAC3EB13D2}"
EndProject
Project("{FAE04EC0-301F-11D3-BF4B-00C04F79EFBC}") = "UnoOnnx.macOS", "UnoOnnx.macOS\UnoOnnx.macOS.csproj", "{A0477212-3698-48E0-A3FD-5596524C1DF9}"
EndProject
Project("{9A19103F-16F7-4668-BE54-9A1E7A4F7556}") = "UnoOnnx.Skia.Gtk", "UnoOnnx.Skia.Gtk\UnoOnnx.Skia.Gtk.csproj", "{A5B8155A-118F-4794-B551-C6F3CF7E5411}"
EndProject
Project("{9A19103F-16F7-4668-BE54-9A1E7A4F7556}") = "UnoOnnx.Skia.WPF", "UnoOnnx.Skia.WPF\UnoOnnx.Skia.WPF.csproj", "{735790F0-EF2B-4BF7-AE7E-CD156076DE20}"
EndProject
Project("{9A19103F-16F7-4668-BE54-9A1E7A4F7556}") = "UnoOnnx.Skia.Wpf.Host", "UnoOnnx.Skia.WPF.Host\UnoOnnx.Skia.Wpf.Host.csproj", "{6CF284A4-22B1-4F05-97F4-F095C07A598E}"
EndProject
Project("{9A19103F-16F7-4668-BE54-9A1E7A4F7556}") = "UnoOnnx.Windows.Desktop", "UnoOnnx.Windows.Desktop\UnoOnnx.Windows.Desktop.csproj", "{1AA13270-F438-4864-9435-54FD806E10EA}"
EndProject
Project("{C7167F0D-BC9F-4E6E-AFE1-012C56B48DB5}") = "UnoOnnx.Windows.Package", "UnoOnnx.Windows.Package\UnoOnnx.Windows.Package.wapproj", "{B95B092F-DF41-44A3-9841-7173DFFAD351}"
EndProject
Project("{2150E333-8FDC-42A3-9474-1A3956D46DE8}") = "Platforms", "Platforms", "{39ACA165-8855-4355-8A22-3B26483C30EC}"
EndProject
Project("{9A19103F-16F7-4668-BE54-9A1E7A4F7556}") = "UnoOnnx.Prediction", "UnoOnnx.Prediction\UnoOnnx.Prediction.csproj", "{058683D7-F14A-4E1E-9F00-66CFDD6AAC19}"
EndProject
Project("{9A19103F-16F7-4668-BE54-9A1E7A4F7556}") = "UnoOnnx.Prediction.Onnx", "UnoOnnx.Prediction.Onnx\UnoOnnx.Prediction.Onnx.csproj", "{FCC33F74-EA95-4D97-9CCB-B15B60FF54BC}"
EndProject
Global
	GlobalSection(SharedMSBuildProjectFiles) = preSolution
		UnoOnnx.Shared\UnoOnnx.Shared.projitems*{1aa13270-f438-4864-9435-54fd806e10ea}*SharedItemsImports = 5
		UnoOnnx.Shared\UnoOnnx.Shared.projitems*{6279c845-92f8-4333-ab99-3d213163593c}*SharedItemsImports = 13
		UnoOnnx.Shared\UnoOnnx.Shared.projitems*{a5b8155a-118f-4794-b551-c6f3cf7e5411}*SharedItemsImports = 5
	EndGlobalSection
	GlobalSection(SolutionConfigurationPlatforms) = preSolution
		Ad-Hoc|Any CPU = Ad-Hoc|Any CPU
		Ad-Hoc|ARM = Ad-Hoc|ARM
		Ad-Hoc|ARM64 = Ad-Hoc|ARM64
		Ad-Hoc|iPhone = Ad-Hoc|iPhone
		Ad-Hoc|iPhoneSimulator = Ad-Hoc|iPhoneSimulator
		Ad-Hoc|x64 = Ad-Hoc|x64
		Ad-Hoc|x86 = Ad-Hoc|x86
		AppStore|Any CPU = AppStore|Any CPU
		AppStore|ARM = AppStore|ARM
		AppStore|ARM64 = AppStore|ARM64
		AppStore|iPhone = AppStore|iPhone
		AppStore|iPhoneSimulator = AppStore|iPhoneSimulator
		AppStore|x64 = AppStore|x64
		AppStore|x86 = AppStore|x86
		Debug|Any CPU = Debug|Any CPU
		Debug|ARM = Debug|ARM
		Debug|ARM64 = Debug|ARM64
		Debug|iPhone = Debug|iPhone
		Debug|iPhoneSimulator = Debug|iPhoneSimulator
		Debug|x64 = Debug|x64
		Debug|x86 = Debug|x86
		Release|Any CPU = Release|Any CPU
		Release|ARM = Release|ARM
		Release|ARM64 = Release|ARM64
		Release|iPhone = Release|iPhone
		Release|iPhoneSimulator = Release|iPhoneSimulator
		Release|x64 = Release|x64
		Release|x86 = Release|x86
	EndGlobalSection
	GlobalSection(ProjectConfigurationPlatforms) = postSolution
		{195E95AA-1E35-44C7-9912-618343D2E10C}.Ad-Hoc|Any CPU.ActiveCfg = Release|Any CPU
		{195E95AA-1E35-44C7-9912-618343D2E10C}.Ad-Hoc|Any CPU.Build.0 = Release|Any CPU
		{195E95AA-1E35-44C7-9912-618343D2E10C}.Ad-Hoc|Any CPU.Deploy.0 = Release|Any CPU
		{195E95AA-1E35-44C7-9912-618343D2E10C}.Ad-Hoc|ARM.ActiveCfg = Release|Any CPU
		{195E95AA-1E35-44C7-9912-618343D2E10C}.Ad-Hoc|ARM.Build.0 = Release|Any CPU
		{195E95AA-1E35-44C7-9912-618343D2E10C}.Ad-Hoc|ARM.Deploy.0 = Release|Any CPU
		{195E95AA-1E35-44C7-9912-618343D2E10C}.Ad-Hoc|ARM64.ActiveCfg = Release|Any CPU
		{195E95AA-1E35-44C7-9912-618343D2E10C}.Ad-Hoc|ARM64.Build.0 = Release|Any CPU
		{195E95AA-1E35-44C7-9912-618343D2E10C}.Ad-Hoc|ARM64.Deploy.0 = Release|Any CPU
		{195E95AA-1E35-44C7-9912-618343D2E10C}.Ad-Hoc|iPhone.ActiveCfg = Release|Any CPU
		{195E95AA-1E35-44C7-9912-618343D2E10C}.Ad-Hoc|iPhone.Build.0 = Release|Any CPU
		{195E95AA-1E35-44C7-9912-618343D2E10C}.Ad-Hoc|iPhone.Deploy.0 = Release|Any CPU
		{195E95AA-1E35-44C7-9912-618343D2E10C}.Ad-Hoc|iPhoneSimulator.ActiveCfg = Release|Any CPU
		{195E95AA-1E35-44C7-9912-618343D2E10C}.Ad-Hoc|iPhoneSimulator.Build.0 = Release|Any CPU
		{195E95AA-1E35-44C7-9912-618343D2E10C}.Ad-Hoc|iPhoneSimulator.Deploy.0 = Release|Any CPU
		{195E95AA-1E35-44C7-9912-618343D2E10C}.Ad-Hoc|x64.ActiveCfg = Release|Any CPU
		{195E95AA-1E35-44C7-9912-618343D2E10C}.Ad-Hoc|x64.Build.0 = Release|Any CPU
		{195E95AA-1E35-44C7-9912-618343D2E10C}.Ad-Hoc|x64.Deploy.0 = Release|Any CPU
		{195E95AA-1E35-44C7-9912-618343D2E10C}.Ad-Hoc|x86.ActiveCfg = Release|Any CPU
		{195E95AA-1E35-44C7-9912-618343D2E10C}.Ad-Hoc|x86.Build.0 = Release|Any CPU
		{195E95AA-1E35-44C7-9912-618343D2E10C}.Ad-Hoc|x86.Deploy.0 = Release|Any CPU
		{195E95AA-1E35-44C7-9912-618343D2E10C}.AppStore|Any CPU.ActiveCfg = Release|Any CPU
		{195E95AA-1E35-44C7-9912-618343D2E10C}.AppStore|Any CPU.Build.0 = Release|Any CPU
		{195E95AA-1E35-44C7-9912-618343D2E10C}.AppStore|Any CPU.Deploy.0 = Release|Any CPU
		{195E95AA-1E35-44C7-9912-618343D2E10C}.AppStore|ARM.ActiveCfg = Release|Any CPU
		{195E95AA-1E35-44C7-9912-618343D2E10C}.AppStore|ARM.Build.0 = Release|Any CPU
		{195E95AA-1E35-44C7-9912-618343D2E10C}.AppStore|ARM.Deploy.0 = Release|Any CPU
		{195E95AA-1E35-44C7-9912-618343D2E10C}.AppStore|ARM64.ActiveCfg = Release|Any CPU
		{195E95AA-1E35-44C7-9912-618343D2E10C}.AppStore|ARM64.Build.0 = Release|Any CPU
		{195E95AA-1E35-44C7-9912-618343D2E10C}.AppStore|ARM64.Deploy.0 = Release|Any CPU
		{195E95AA-1E35-44C7-9912-618343D2E10C}.AppStore|iPhone.ActiveCfg = Release|Any CPU
		{195E95AA-1E35-44C7-9912-618343D2E10C}.AppStore|iPhone.Build.0 = Release|Any CPU
		{195E95AA-1E35-44C7-9912-618343D2E10C}.AppStore|iPhone.Deploy.0 = Release|Any CPU
		{195E95AA-1E35-44C7-9912-618343D2E10C}.AppStore|iPhoneSimulator.ActiveCfg = Release|Any CPU
		{195E95AA-1E35-44C7-9912-618343D2E10C}.AppStore|iPhoneSimulator.Build.0 = Release|Any CPU
		{195E95AA-1E35-44C7-9912-618343D2E10C}.AppStore|iPhoneSimulator.Deploy.0 = Release|Any CPU
		{195E95AA-1E35-44C7-9912-618343D2E10C}.AppStore|x64.ActiveCfg = Release|Any CPU
		{195E95AA-1E35-44C7-9912-618343D2E10C}.AppStore|x64.Build.0 = Release|Any CPU
		{195E95AA-1E35-44C7-9912-618343D2E10C}.AppStore|x64.Deploy.0 = Release|Any CPU
		{195E95AA-1E35-44C7-9912-618343D2E10C}.AppStore|x86.ActiveCfg = Release|Any CPU
		{195E95AA-1E35-44C7-9912-618343D2E10C}.AppStore|x86.Build.0 = Release|Any CPU
		{195E95AA-1E35-44C7-9912-618343D2E10C}.AppStore|x86.Deploy.0 = Release|Any CPU
		{195E95AA-1E35-44C7-9912-618343D2E10C}.Debug|Any CPU.ActiveCfg = Debug|Any CPU
		{195E95AA-1E35-44C7-9912-618343D2E10C}.Debug|Any CPU.Build.0 = Debug|Any CPU
		{195E95AA-1E35-44C7-9912-618343D2E10C}.Debug|Any CPU.Deploy.0 = Debug|Any CPU
		{195E95AA-1E35-44C7-9912-618343D2E10C}.Debug|ARM.ActiveCfg = Debug|Any CPU
		{195E95AA-1E35-44C7-9912-618343D2E10C}.Debug|ARM.Build.0 = Debug|Any CPU
		{195E95AA-1E35-44C7-9912-618343D2E10C}.Debug|ARM.Deploy.0 = Debug|Any CPU
		{195E95AA-1E35-44C7-9912-618343D2E10C}.Debug|ARM64.ActiveCfg = Debug|Any CPU
		{195E95AA-1E35-44C7-9912-618343D2E10C}.Debug|ARM64.Build.0 = Debug|Any CPU
		{195E95AA-1E35-44C7-9912-618343D2E10C}.Debug|ARM64.Deploy.0 = Debug|Any CPU
		{195E95AA-1E35-44C7-9912-618343D2E10C}.Debug|iPhone.ActiveCfg = Debug|Any CPU
		{195E95AA-1E35-44C7-9912-618343D2E10C}.Debug|iPhone.Build.0 = Debug|Any CPU
		{195E95AA-1E35-44C7-9912-618343D2E10C}.Debug|iPhone.Deploy.0 = Debug|Any CPU
		{195E95AA-1E35-44C7-9912-618343D2E10C}.Debug|iPhoneSimulator.ActiveCfg = Debug|Any CPU
		{195E95AA-1E35-44C7-9912-618343D2E10C}.Debug|iPhoneSimulator.Build.0 = Debug|Any CPU
		{195E95AA-1E35-44C7-9912-618343D2E10C}.Debug|iPhoneSimulator.Deploy.0 = Debug|Any CPU
		{195E95AA-1E35-44C7-9912-618343D2E10C}.Debug|x64.ActiveCfg = Debug|Any CPU
		{195E95AA-1E35-44C7-9912-618343D2E10C}.Debug|x64.Build.0 = Debug|Any CPU
		{195E95AA-1E35-44C7-9912-618343D2E10C}.Debug|x64.Deploy.0 = Debug|Any CPU
		{195E95AA-1E35-44C7-9912-618343D2E10C}.Debug|x86.ActiveCfg = Debug|Any CPU
		{195E95AA-1E35-44C7-9912-618343D2E10C}.Debug|x86.Build.0 = Debug|Any CPU
		{195E95AA-1E35-44C7-9912-618343D2E10C}.Debug|x86.Deploy.0 = Debug|Any CPU
		{195E95AA-1E35-44C7-9912-618343D2E10C}.Release|Any CPU.ActiveCfg = Release|Any CPU
		{195E95AA-1E35-44C7-9912-618343D2E10C}.Release|Any CPU.Build.0 = Release|Any CPU
		{195E95AA-1E35-44C7-9912-618343D2E10C}.Release|Any CPU.Deploy.0 = Release|Any CPU
		{195E95AA-1E35-44C7-9912-618343D2E10C}.Release|ARM.ActiveCfg = Release|Any CPU
		{195E95AA-1E35-44C7-9912-618343D2E10C}.Release|ARM.Build.0 = Release|Any CPU
		{195E95AA-1E35-44C7-9912-618343D2E10C}.Release|ARM.Deploy.0 = Release|Any CPU
		{195E95AA-1E35-44C7-9912-618343D2E10C}.Release|ARM64.ActiveCfg = Release|Any CPU
		{195E95AA-1E35-44C7-9912-618343D2E10C}.Release|ARM64.Build.0 = Release|Any CPU
		{195E95AA-1E35-44C7-9912-618343D2E10C}.Release|ARM64.Deploy.0 = Release|Any CPU
		{195E95AA-1E35-44C7-9912-618343D2E10C}.Release|iPhone.ActiveCfg = Release|Any CPU
		{195E95AA-1E35-44C7-9912-618343D2E10C}.Release|iPhone.Build.0 = Release|Any CPU
		{195E95AA-1E35-44C7-9912-618343D2E10C}.Release|iPhone.Deploy.0 = Release|Any CPU
		{195E95AA-1E35-44C7-9912-618343D2E10C}.Release|iPhoneSimulator.ActiveCfg = Release|Any CPU
		{195E95AA-1E35-44C7-9912-618343D2E10C}.Release|iPhoneSimulator.Build.0 = Release|Any CPU
		{195E95AA-1E35-44C7-9912-618343D2E10C}.Release|iPhoneSimulator.Deploy.0 = Release|Any CPU
		{195E95AA-1E35-44C7-9912-618343D2E10C}.Release|x64.ActiveCfg = Release|Any CPU
		{195E95AA-1E35-44C7-9912-618343D2E10C}.Release|x64.Build.0 = Release|Any CPU
		{195E95AA-1E35-44C7-9912-618343D2E10C}.Release|x64.Deploy.0 = Release|Any CPU
		{195E95AA-1E35-44C7-9912-618343D2E10C}.Release|x86.ActiveCfg = Release|Any CPU
		{195E95AA-1E35-44C7-9912-618343D2E10C}.Release|x86.Build.0 = Release|Any CPU
		{195E95AA-1E35-44C7-9912-618343D2E10C}.Release|x86.Deploy.0 = Release|Any CPU
		{3EA0169B-D9A9-4926-9098-940CCB7057CE}.Ad-Hoc|Any CPU.ActiveCfg = Ad-Hoc|iPhoneSimulator
		{3EA0169B-D9A9-4926-9098-940CCB7057CE}.Ad-Hoc|ARM.ActiveCfg = Ad-Hoc|iPhoneSimulator
		{3EA0169B-D9A9-4926-9098-940CCB7057CE}.Ad-Hoc|ARM64.ActiveCfg = Ad-Hoc|iPhoneSimulator
		{3EA0169B-D9A9-4926-9098-940CCB7057CE}.Ad-Hoc|iPhone.ActiveCfg = Ad-Hoc|iPhone
		{3EA0169B-D9A9-4926-9098-940CCB7057CE}.Ad-Hoc|iPhone.Build.0 = Ad-Hoc|iPhone
		{3EA0169B-D9A9-4926-9098-940CCB7057CE}.Ad-Hoc|iPhoneSimulator.ActiveCfg = Ad-Hoc|iPhoneSimulator
		{3EA0169B-D9A9-4926-9098-940CCB7057CE}.Ad-Hoc|iPhoneSimulator.Build.0 = Ad-Hoc|iPhoneSimulator
		{3EA0169B-D9A9-4926-9098-940CCB7057CE}.Ad-Hoc|x64.ActiveCfg = Ad-Hoc|iPhoneSimulator
		{3EA0169B-D9A9-4926-9098-940CCB7057CE}.Ad-Hoc|x86.ActiveCfg = Ad-Hoc|iPhoneSimulator
		{3EA0169B-D9A9-4926-9098-940CCB7057CE}.AppStore|Any CPU.ActiveCfg = AppStore|iPhoneSimulator
		{3EA0169B-D9A9-4926-9098-940CCB7057CE}.AppStore|ARM.ActiveCfg = AppStore|iPhoneSimulator
		{3EA0169B-D9A9-4926-9098-940CCB7057CE}.AppStore|ARM64.ActiveCfg = AppStore|iPhoneSimulator
		{3EA0169B-D9A9-4926-9098-940CCB7057CE}.AppStore|iPhone.ActiveCfg = AppStore|iPhone
		{3EA0169B-D9A9-4926-9098-940CCB7057CE}.AppStore|iPhone.Build.0 = AppStore|iPhone
		{3EA0169B-D9A9-4926-9098-940CCB7057CE}.AppStore|iPhoneSimulator.ActiveCfg = AppStore|iPhoneSimulator
		{3EA0169B-D9A9-4926-9098-940CCB7057CE}.AppStore|iPhoneSimulator.Build.0 = AppStore|iPhoneSimulator
		{3EA0169B-D9A9-4926-9098-940CCB7057CE}.AppStore|x64.ActiveCfg = AppStore|iPhoneSimulator
		{3EA0169B-D9A9-4926-9098-940CCB7057CE}.AppStore|x86.ActiveCfg = AppStore|iPhoneSimulator
		{3EA0169B-D9A9-4926-9098-940CCB7057CE}.Debug|Any CPU.ActiveCfg = Debug|iPhone
		{3EA0169B-D9A9-4926-9098-940CCB7057CE}.Debug|Any CPU.Build.0 = Debug|iPhone
		{3EA0169B-D9A9-4926-9098-940CCB7057CE}.Debug|Any CPU.Deploy.0 = Debug|iPhone
		{3EA0169B-D9A9-4926-9098-940CCB7057CE}.Debug|ARM.ActiveCfg = Debug|iPhone
		{3EA0169B-D9A9-4926-9098-940CCB7057CE}.Debug|ARM64.ActiveCfg = Debug|iPhone
		{3EA0169B-D9A9-4926-9098-940CCB7057CE}.Debug|iPhone.ActiveCfg = Debug|iPhone
		{3EA0169B-D9A9-4926-9098-940CCB7057CE}.Debug|iPhone.Build.0 = Debug|iPhone
		{3EA0169B-D9A9-4926-9098-940CCB7057CE}.Debug|iPhoneSimulator.ActiveCfg = Debug|iPhoneSimulator
		{3EA0169B-D9A9-4926-9098-940CCB7057CE}.Debug|iPhoneSimulator.Build.0 = Debug|iPhoneSimulator
		{3EA0169B-D9A9-4926-9098-940CCB7057CE}.Debug|x64.ActiveCfg = Debug|iPhone
		{3EA0169B-D9A9-4926-9098-940CCB7057CE}.Debug|x64.Build.0 = Debug|iPhone
		{3EA0169B-D9A9-4926-9098-940CCB7057CE}.Debug|x64.Deploy.0 = Debug|iPhone
		{3EA0169B-D9A9-4926-9098-940CCB7057CE}.Debug|x86.ActiveCfg = Debug|iPhoneSimulator
		{3EA0169B-D9A9-4926-9098-940CCB7057CE}.Debug|x86.Build.0 = Debug|iPhoneSimulator
		{3EA0169B-D9A9-4926-9098-940CCB7057CE}.Debug|x86.Deploy.0 = Debug|iPhoneSimulator
		{3EA0169B-D9A9-4926-9098-940CCB7057CE}.Release|Any CPU.ActiveCfg = Release|iPhone
		{3EA0169B-D9A9-4926-9098-940CCB7057CE}.Release|ARM.ActiveCfg = Release|iPhone
		{3EA0169B-D9A9-4926-9098-940CCB7057CE}.Release|ARM64.ActiveCfg = Release|iPhone
		{3EA0169B-D9A9-4926-9098-940CCB7057CE}.Release|iPhone.ActiveCfg = Release|iPhone
		{3EA0169B-D9A9-4926-9098-940CCB7057CE}.Release|iPhone.Build.0 = Release|iPhone
		{3EA0169B-D9A9-4926-9098-940CCB7057CE}.Release|iPhoneSimulator.ActiveCfg = Release|iPhoneSimulator
		{3EA0169B-D9A9-4926-9098-940CCB7057CE}.Release|iPhoneSimulator.Build.0 = Release|iPhoneSimulator
		{3EA0169B-D9A9-4926-9098-940CCB7057CE}.Release|x64.ActiveCfg = Release|iPhoneSimulator
		{3EA0169B-D9A9-4926-9098-940CCB7057CE}.Release|x64.Build.0 = Release|iPhoneSimulator
		{3EA0169B-D9A9-4926-9098-940CCB7057CE}.Release|x64.Deploy.0 = Release|iPhoneSimulator
		{3EA0169B-D9A9-4926-9098-940CCB7057CE}.Release|x86.ActiveCfg = Release|iPhoneSimulator
		{3EA0169B-D9A9-4926-9098-940CCB7057CE}.Release|x86.Build.0 = Release|iPhoneSimulator
		{40EA03F7-8A22-4143-B251-79BAC3EB13D2}.Ad-Hoc|Any CPU.ActiveCfg = Release|Any CPU
		{40EA03F7-8A22-4143-B251-79BAC3EB13D2}.Ad-Hoc|Any CPU.Build.0 = Release|Any CPU
		{40EA03F7-8A22-4143-B251-79BAC3EB13D2}.Ad-Hoc|ARM.ActiveCfg = Release|Any CPU
		{40EA03F7-8A22-4143-B251-79BAC3EB13D2}.Ad-Hoc|ARM.Build.0 = Release|Any CPU
		{40EA03F7-8A22-4143-B251-79BAC3EB13D2}.Ad-Hoc|ARM64.ActiveCfg = Release|Any CPU
		{40EA03F7-8A22-4143-B251-79BAC3EB13D2}.Ad-Hoc|ARM64.Build.0 = Release|Any CPU
		{40EA03F7-8A22-4143-B251-79BAC3EB13D2}.Ad-Hoc|iPhone.ActiveCfg = Release|Any CPU
		{40EA03F7-8A22-4143-B251-79BAC3EB13D2}.Ad-Hoc|iPhone.Build.0 = Release|Any CPU
		{40EA03F7-8A22-4143-B251-79BAC3EB13D2}.Ad-Hoc|iPhoneSimulator.ActiveCfg = Release|Any CPU
		{40EA03F7-8A22-4143-B251-79BAC3EB13D2}.Ad-Hoc|iPhoneSimulator.Build.0 = Release|Any CPU
		{40EA03F7-8A22-4143-B251-79BAC3EB13D2}.Ad-Hoc|x64.ActiveCfg = Release|Any CPU
		{40EA03F7-8A22-4143-B251-79BAC3EB13D2}.Ad-Hoc|x64.Build.0 = Release|Any CPU
		{40EA03F7-8A22-4143-B251-79BAC3EB13D2}.Ad-Hoc|x86.ActiveCfg = Release|Any CPU
		{40EA03F7-8A22-4143-B251-79BAC3EB13D2}.Ad-Hoc|x86.Build.0 = Release|Any CPU
		{40EA03F7-8A22-4143-B251-79BAC3EB13D2}.AppStore|Any CPU.ActiveCfg = Release|Any CPU
		{40EA03F7-8A22-4143-B251-79BAC3EB13D2}.AppStore|Any CPU.Build.0 = Release|Any CPU
		{40EA03F7-8A22-4143-B251-79BAC3EB13D2}.AppStore|ARM.ActiveCfg = Release|Any CPU
		{40EA03F7-8A22-4143-B251-79BAC3EB13D2}.AppStore|ARM.Build.0 = Release|Any CPU
		{40EA03F7-8A22-4143-B251-79BAC3EB13D2}.AppStore|ARM64.ActiveCfg = Release|Any CPU
		{40EA03F7-8A22-4143-B251-79BAC3EB13D2}.AppStore|ARM64.Build.0 = Release|Any CPU
		{40EA03F7-8A22-4143-B251-79BAC3EB13D2}.AppStore|iPhone.ActiveCfg = Release|Any CPU
		{40EA03F7-8A22-4143-B251-79BAC3EB13D2}.AppStore|iPhone.Build.0 = Release|Any CPU
		{40EA03F7-8A22-4143-B251-79BAC3EB13D2}.AppStore|iPhoneSimulator.ActiveCfg = Release|Any CPU
		{40EA03F7-8A22-4143-B251-79BAC3EB13D2}.AppStore|iPhoneSimulator.Build.0 = Release|Any CPU
		{40EA03F7-8A22-4143-B251-79BAC3EB13D2}.AppStore|x64.ActiveCfg = Release|Any CPU
		{40EA03F7-8A22-4143-B251-79BAC3EB13D2}.AppStore|x64.Build.0 = Release|Any CPU
		{40EA03F7-8A22-4143-B251-79BAC3EB13D2}.AppStore|x86.ActiveCfg = Release|Any CPU
		{40EA03F7-8A22-4143-B251-79BAC3EB13D2}.AppStore|x86.Build.0 = Release|Any CPU
		{40EA03F7-8A22-4143-B251-79BAC3EB13D2}.Debug|Any CPU.ActiveCfg = Debug|Any CPU
		{40EA03F7-8A22-4143-B251-79BAC3EB13D2}.Debug|Any CPU.Build.0 = Debug|Any CPU
		{40EA03F7-8A22-4143-B251-79BAC3EB13D2}.Debug|ARM.ActiveCfg = Debug|Any CPU
		{40EA03F7-8A22-4143-B251-79BAC3EB13D2}.Debug|ARM.Build.0 = Debug|Any CPU
		{40EA03F7-8A22-4143-B251-79BAC3EB13D2}.Debug|ARM64.ActiveCfg = Debug|Any CPU
		{40EA03F7-8A22-4143-B251-79BAC3EB13D2}.Debug|ARM64.Build.0 = Debug|Any CPU
		{40EA03F7-8A22-4143-B251-79BAC3EB13D2}.Debug|iPhone.ActiveCfg = Debug|Any CPU
		{40EA03F7-8A22-4143-B251-79BAC3EB13D2}.Debug|iPhone.Build.0 = Debug|Any CPU
		{40EA03F7-8A22-4143-B251-79BAC3EB13D2}.Debug|iPhoneSimulator.ActiveCfg = Debug|Any CPU
		{40EA03F7-8A22-4143-B251-79BAC3EB13D2}.Debug|iPhoneSimulator.Build.0 = Debug|Any CPU
		{40EA03F7-8A22-4143-B251-79BAC3EB13D2}.Debug|x64.ActiveCfg = Debug|Any CPU
		{40EA03F7-8A22-4143-B251-79BAC3EB13D2}.Debug|x64.Build.0 = Debug|Any CPU
		{40EA03F7-8A22-4143-B251-79BAC3EB13D2}.Debug|x86.ActiveCfg = Debug|Any CPU
		{40EA03F7-8A22-4143-B251-79BAC3EB13D2}.Debug|x86.Build.0 = Debug|Any CPU
		{40EA03F7-8A22-4143-B251-79BAC3EB13D2}.Release|Any CPU.ActiveCfg = Release|Any CPU
		{40EA03F7-8A22-4143-B251-79BAC3EB13D2}.Release|Any CPU.Build.0 = Release|Any CPU
		{40EA03F7-8A22-4143-B251-79BAC3EB13D2}.Release|ARM.ActiveCfg = Release|Any CPU
		{40EA03F7-8A22-4143-B251-79BAC3EB13D2}.Release|ARM.Build.0 = Release|Any CPU
		{40EA03F7-8A22-4143-B251-79BAC3EB13D2}.Release|ARM64.ActiveCfg = Release|Any CPU
		{40EA03F7-8A22-4143-B251-79BAC3EB13D2}.Release|ARM64.Build.0 = Release|Any CPU
		{40EA03F7-8A22-4143-B251-79BAC3EB13D2}.Release|iPhone.ActiveCfg = Release|Any CPU
		{40EA03F7-8A22-4143-B251-79BAC3EB13D2}.Release|iPhone.Build.0 = Release|Any CPU
		{40EA03F7-8A22-4143-B251-79BAC3EB13D2}.Release|iPhoneSimulator.ActiveCfg = Release|Any CPU
		{40EA03F7-8A22-4143-B251-79BAC3EB13D2}.Release|iPhoneSimulator.Build.0 = Release|Any CPU
		{40EA03F7-8A22-4143-B251-79BAC3EB13D2}.Release|x64.ActiveCfg = Release|Any CPU
		{40EA03F7-8A22-4143-B251-79BAC3EB13D2}.Release|x64.Build.0 = Release|Any CPU
		{40EA03F7-8A22-4143-B251-79BAC3EB13D2}.Release|x86.ActiveCfg = Release|Any CPU
		{40EA03F7-8A22-4143-B251-79BAC3EB13D2}.Release|x86.Build.0 = Release|Any CPU
		{A0477212-3698-48E0-A3FD-5596524C1DF9}.Ad-Hoc|Any CPU.ActiveCfg = Release|iPhoneSimulator
		{A0477212-3698-48E0-A3FD-5596524C1DF9}.Ad-Hoc|Any CPU.Build.0 = Release|iPhoneSimulator
		{A0477212-3698-48E0-A3FD-5596524C1DF9}.Ad-Hoc|ARM.ActiveCfg = Release|iPhoneSimulator
		{A0477212-3698-48E0-A3FD-5596524C1DF9}.Ad-Hoc|ARM.Build.0 = Release|iPhoneSimulator
		{A0477212-3698-48E0-A3FD-5596524C1DF9}.Ad-Hoc|ARM64.ActiveCfg = Release|iPhoneSimulator
		{A0477212-3698-48E0-A3FD-5596524C1DF9}.Ad-Hoc|ARM64.Build.0 = Release|iPhoneSimulator
		{A0477212-3698-48E0-A3FD-5596524C1DF9}.Ad-Hoc|iPhone.ActiveCfg = Release|iPhoneSimulator
		{A0477212-3698-48E0-A3FD-5596524C1DF9}.Ad-Hoc|iPhone.Build.0 = Release|iPhoneSimulator
		{A0477212-3698-48E0-A3FD-5596524C1DF9}.Ad-Hoc|iPhoneSimulator.ActiveCfg = Release|iPhoneSimulator
		{A0477212-3698-48E0-A3FD-5596524C1DF9}.Ad-Hoc|iPhoneSimulator.Build.0 = Release|iPhoneSimulator
		{A0477212-3698-48E0-A3FD-5596524C1DF9}.Ad-Hoc|x64.ActiveCfg = Release|iPhoneSimulator
		{A0477212-3698-48E0-A3FD-5596524C1DF9}.Ad-Hoc|x64.Build.0 = Release|iPhoneSimulator
		{A0477212-3698-48E0-A3FD-5596524C1DF9}.Ad-Hoc|x86.ActiveCfg = Release|iPhoneSimulator
		{A0477212-3698-48E0-A3FD-5596524C1DF9}.Ad-Hoc|x86.Build.0 = Release|iPhoneSimulator
		{A0477212-3698-48E0-A3FD-5596524C1DF9}.AppStore|Any CPU.ActiveCfg = Release|iPhoneSimulator
		{A0477212-3698-48E0-A3FD-5596524C1DF9}.AppStore|Any CPU.Build.0 = Release|iPhoneSimulator
		{A0477212-3698-48E0-A3FD-5596524C1DF9}.AppStore|ARM.ActiveCfg = Release|iPhoneSimulator
		{A0477212-3698-48E0-A3FD-5596524C1DF9}.AppStore|ARM.Build.0 = Release|iPhoneSimulator
		{A0477212-3698-48E0-A3FD-5596524C1DF9}.AppStore|ARM64.ActiveCfg = Release|iPhoneSimulator
		{A0477212-3698-48E0-A3FD-5596524C1DF9}.AppStore|ARM64.Build.0 = Release|iPhoneSimulator
		{A0477212-3698-48E0-A3FD-5596524C1DF9}.AppStore|iPhone.ActiveCfg = Release|iPhoneSimulator
		{A0477212-3698-48E0-A3FD-5596524C1DF9}.AppStore|iPhone.Build.0 = Release|iPhoneSimulator
		{A0477212-3698-48E0-A3FD-5596524C1DF9}.AppStore|iPhoneSimulator.ActiveCfg = Release|iPhoneSimulator
		{A0477212-3698-48E0-A3FD-5596524C1DF9}.AppStore|iPhoneSimulator.Build.0 = Release|iPhoneSimulator
		{A0477212-3698-48E0-A3FD-5596524C1DF9}.AppStore|x64.ActiveCfg = Release|iPhoneSimulator
		{A0477212-3698-48E0-A3FD-5596524C1DF9}.AppStore|x64.Build.0 = Release|iPhoneSimulator
		{A0477212-3698-48E0-A3FD-5596524C1DF9}.AppStore|x86.ActiveCfg = Release|iPhoneSimulator
		{A0477212-3698-48E0-A3FD-5596524C1DF9}.AppStore|x86.Build.0 = Release|iPhoneSimulator
		{A0477212-3698-48E0-A3FD-5596524C1DF9}.Debug|Any CPU.ActiveCfg = Debug|iPhoneSimulator
		{A0477212-3698-48E0-A3FD-5596524C1DF9}.Debug|Any CPU.Build.0 = Debug|iPhoneSimulator
		{A0477212-3698-48E0-A3FD-5596524C1DF9}.Debug|ARM.ActiveCfg = Debug|iPhoneSimulator
		{A0477212-3698-48E0-A3FD-5596524C1DF9}.Debug|ARM64.ActiveCfg = Debug|iPhoneSimulator
		{A0477212-3698-48E0-A3FD-5596524C1DF9}.Debug|iPhone.ActiveCfg = Debug|iPhoneSimulator
		{A0477212-3698-48E0-A3FD-5596524C1DF9}.Debug|iPhone.Build.0 = Debug|iPhoneSimulator
		{A0477212-3698-48E0-A3FD-5596524C1DF9}.Debug|iPhoneSimulator.ActiveCfg = Debug|iPhoneSimulator
		{A0477212-3698-48E0-A3FD-5596524C1DF9}.Debug|iPhoneSimulator.Build.0 = Debug|iPhoneSimulator
		{A0477212-3698-48E0-A3FD-5596524C1DF9}.Debug|x64.ActiveCfg = Debug|iPhoneSimulator
		{A0477212-3698-48E0-A3FD-5596524C1DF9}.Debug|x64.Build.0 = Debug|iPhoneSimulator
		{A0477212-3698-48E0-A3FD-5596524C1DF9}.Debug|x86.ActiveCfg = Debug|iPhoneSimulator
		{A0477212-3698-48E0-A3FD-5596524C1DF9}.Debug|x86.Build.0 = Debug|iPhoneSimulator
		{A0477212-3698-48E0-A3FD-5596524C1DF9}.Release|Any CPU.ActiveCfg = Release|iPhoneSimulator
		{A0477212-3698-48E0-A3FD-5596524C1DF9}.Release|ARM.ActiveCfg = Release|iPhoneSimulator
		{A0477212-3698-48E0-A3FD-5596524C1DF9}.Release|ARM64.ActiveCfg = Release|iPhoneSimulator
		{A0477212-3698-48E0-A3FD-5596524C1DF9}.Release|iPhone.ActiveCfg = Release|iPhoneSimulator
		{A0477212-3698-48E0-A3FD-5596524C1DF9}.Release|iPhone.Build.0 = Release|iPhoneSimulator
		{A0477212-3698-48E0-A3FD-5596524C1DF9}.Release|iPhoneSimulator.ActiveCfg = Release|iPhoneSimulator
		{A0477212-3698-48E0-A3FD-5596524C1DF9}.Release|iPhoneSimulator.Build.0 = Release|iPhoneSimulator
		{A0477212-3698-48E0-A3FD-5596524C1DF9}.Release|x64.ActiveCfg = Release|iPhoneSimulator
		{A0477212-3698-48E0-A3FD-5596524C1DF9}.Release|x64.Build.0 = Release|iPhoneSimulator
		{A0477212-3698-48E0-A3FD-5596524C1DF9}.Release|x86.ActiveCfg = Release|iPhoneSimulator
		{A0477212-3698-48E0-A3FD-5596524C1DF9}.Release|x86.Build.0 = Release|iPhoneSimulator
		{A5B8155A-118F-4794-B551-C6F3CF7E5411}.Ad-Hoc|Any CPU.ActiveCfg = Release|Any CPU
		{A5B8155A-118F-4794-B551-C6F3CF7E5411}.Ad-Hoc|Any CPU.Build.0 = Release|Any CPU
		{A5B8155A-118F-4794-B551-C6F3CF7E5411}.Ad-Hoc|ARM.ActiveCfg = Release|Any CPU
		{A5B8155A-118F-4794-B551-C6F3CF7E5411}.Ad-Hoc|ARM.Build.0 = Release|Any CPU
		{A5B8155A-118F-4794-B551-C6F3CF7E5411}.Ad-Hoc|ARM64.ActiveCfg = Release|Any CPU
		{A5B8155A-118F-4794-B551-C6F3CF7E5411}.Ad-Hoc|ARM64.Build.0 = Release|Any CPU
		{A5B8155A-118F-4794-B551-C6F3CF7E5411}.Ad-Hoc|iPhone.ActiveCfg = Release|Any CPU
		{A5B8155A-118F-4794-B551-C6F3CF7E5411}.Ad-Hoc|iPhone.Build.0 = Release|Any CPU
		{A5B8155A-118F-4794-B551-C6F3CF7E5411}.Ad-Hoc|iPhoneSimulator.ActiveCfg = Release|Any CPU
		{A5B8155A-118F-4794-B551-C6F3CF7E5411}.Ad-Hoc|iPhoneSimulator.Build.0 = Release|Any CPU
		{A5B8155A-118F-4794-B551-C6F3CF7E5411}.Ad-Hoc|x64.ActiveCfg = Release|Any CPU
		{A5B8155A-118F-4794-B551-C6F3CF7E5411}.Ad-Hoc|x64.Build.0 = Release|Any CPU
		{A5B8155A-118F-4794-B551-C6F3CF7E5411}.Ad-Hoc|x86.ActiveCfg = Release|Any CPU
		{A5B8155A-118F-4794-B551-C6F3CF7E5411}.Ad-Hoc|x86.Build.0 = Release|Any CPU
		{A5B8155A-118F-4794-B551-C6F3CF7E5411}.AppStore|Any CPU.ActiveCfg = Release|Any CPU
		{A5B8155A-118F-4794-B551-C6F3CF7E5411}.AppStore|Any CPU.Build.0 = Release|Any CPU
		{A5B8155A-118F-4794-B551-C6F3CF7E5411}.AppStore|ARM.ActiveCfg = Release|Any CPU
		{A5B8155A-118F-4794-B551-C6F3CF7E5411}.AppStore|ARM.Build.0 = Release|Any CPU
		{A5B8155A-118F-4794-B551-C6F3CF7E5411}.AppStore|ARM64.ActiveCfg = Release|Any CPU
		{A5B8155A-118F-4794-B551-C6F3CF7E5411}.AppStore|ARM64.Build.0 = Release|Any CPU
		{A5B8155A-118F-4794-B551-C6F3CF7E5411}.AppStore|iPhone.ActiveCfg = Release|Any CPU
		{A5B8155A-118F-4794-B551-C6F3CF7E5411}.AppStore|iPhone.Build.0 = Release|Any CPU
		{A5B8155A-118F-4794-B551-C6F3CF7E5411}.AppStore|iPhoneSimulator.ActiveCfg = Release|Any CPU
		{A5B8155A-118F-4794-B551-C6F3CF7E5411}.AppStore|iPhoneSimulator.Build.0 = Release|Any CPU
		{A5B8155A-118F-4794-B551-C6F3CF7E5411}.AppStore|x64.ActiveCfg = Release|Any CPU
		{A5B8155A-118F-4794-B551-C6F3CF7E5411}.AppStore|x64.Build.0 = Release|Any CPU
		{A5B8155A-118F-4794-B551-C6F3CF7E5411}.AppStore|x86.ActiveCfg = Release|Any CPU
		{A5B8155A-118F-4794-B551-C6F3CF7E5411}.AppStore|x86.Build.0 = Release|Any CPU
		{A5B8155A-118F-4794-B551-C6F3CF7E5411}.Debug|Any CPU.ActiveCfg = Debug|Any CPU
		{A5B8155A-118F-4794-B551-C6F3CF7E5411}.Debug|Any CPU.Build.0 = Debug|Any CPU
		{A5B8155A-118F-4794-B551-C6F3CF7E5411}.Debug|ARM.ActiveCfg = Debug|Any CPU
		{A5B8155A-118F-4794-B551-C6F3CF7E5411}.Debug|ARM.Build.0 = Debug|Any CPU
		{A5B8155A-118F-4794-B551-C6F3CF7E5411}.Debug|ARM64.ActiveCfg = Debug|Any CPU
		{A5B8155A-118F-4794-B551-C6F3CF7E5411}.Debug|ARM64.Build.0 = Debug|Any CPU
		{A5B8155A-118F-4794-B551-C6F3CF7E5411}.Debug|iPhone.ActiveCfg = Debug|Any CPU
		{A5B8155A-118F-4794-B551-C6F3CF7E5411}.Debug|iPhone.Build.0 = Debug|Any CPU
		{A5B8155A-118F-4794-B551-C6F3CF7E5411}.Debug|iPhoneSimulator.ActiveCfg = Debug|Any CPU
		{A5B8155A-118F-4794-B551-C6F3CF7E5411}.Debug|iPhoneSimulator.Build.0 = Debug|Any CPU
		{A5B8155A-118F-4794-B551-C6F3CF7E5411}.Debug|x64.ActiveCfg = Debug|Any CPU
		{A5B8155A-118F-4794-B551-C6F3CF7E5411}.Debug|x64.Build.0 = Debug|Any CPU
		{A5B8155A-118F-4794-B551-C6F3CF7E5411}.Debug|x86.ActiveCfg = Debug|Any CPU
		{A5B8155A-118F-4794-B551-C6F3CF7E5411}.Debug|x86.Build.0 = Debug|Any CPU
		{A5B8155A-118F-4794-B551-C6F3CF7E5411}.Release|Any CPU.ActiveCfg = Release|Any CPU
		{A5B8155A-118F-4794-B551-C6F3CF7E5411}.Release|Any CPU.Build.0 = Release|Any CPU
		{A5B8155A-118F-4794-B551-C6F3CF7E5411}.Release|ARM.ActiveCfg = Release|Any CPU
		{A5B8155A-118F-4794-B551-C6F3CF7E5411}.Release|ARM.Build.0 = Release|Any CPU
		{A5B8155A-118F-4794-B551-C6F3CF7E5411}.Release|ARM64.ActiveCfg = Release|Any CPU
		{A5B8155A-118F-4794-B551-C6F3CF7E5411}.Release|ARM64.Build.0 = Release|Any CPU
		{A5B8155A-118F-4794-B551-C6F3CF7E5411}.Release|iPhone.ActiveCfg = Release|Any CPU
		{A5B8155A-118F-4794-B551-C6F3CF7E5411}.Release|iPhone.Build.0 = Release|Any CPU
		{A5B8155A-118F-4794-B551-C6F3CF7E5411}.Release|iPhoneSimulator.ActiveCfg = Release|Any CPU
		{A5B8155A-118F-4794-B551-C6F3CF7E5411}.Release|iPhoneSimulator.Build.0 = Release|Any CPU
		{A5B8155A-118F-4794-B551-C6F3CF7E5411}.Release|x64.ActiveCfg = Release|Any CPU
		{A5B8155A-118F-4794-B551-C6F3CF7E5411}.Release|x64.Build.0 = Release|Any CPU
		{A5B8155A-118F-4794-B551-C6F3CF7E5411}.Release|x86.ActiveCfg = Release|Any CPU
		{A5B8155A-118F-4794-B551-C6F3CF7E5411}.Release|x86.Build.0 = Release|Any CPU
		{735790F0-EF2B-4BF7-AE7E-CD156076DE20}.Ad-Hoc|Any CPU.ActiveCfg = Release|Any CPU
		{735790F0-EF2B-4BF7-AE7E-CD156076DE20}.Ad-Hoc|Any CPU.Build.0 = Release|Any CPU
		{735790F0-EF2B-4BF7-AE7E-CD156076DE20}.Ad-Hoc|ARM.ActiveCfg = Release|Any CPU
		{735790F0-EF2B-4BF7-AE7E-CD156076DE20}.Ad-Hoc|ARM.Build.0 = Release|Any CPU
		{735790F0-EF2B-4BF7-AE7E-CD156076DE20}.Ad-Hoc|ARM64.ActiveCfg = Release|Any CPU
		{735790F0-EF2B-4BF7-AE7E-CD156076DE20}.Ad-Hoc|ARM64.Build.0 = Release|Any CPU
		{735790F0-EF2B-4BF7-AE7E-CD156076DE20}.Ad-Hoc|iPhone.ActiveCfg = Release|Any CPU
		{735790F0-EF2B-4BF7-AE7E-CD156076DE20}.Ad-Hoc|iPhone.Build.0 = Release|Any CPU
		{735790F0-EF2B-4BF7-AE7E-CD156076DE20}.Ad-Hoc|iPhoneSimulator.ActiveCfg = Release|Any CPU
		{735790F0-EF2B-4BF7-AE7E-CD156076DE20}.Ad-Hoc|iPhoneSimulator.Build.0 = Release|Any CPU
		{735790F0-EF2B-4BF7-AE7E-CD156076DE20}.Ad-Hoc|x64.ActiveCfg = Release|Any CPU
		{735790F0-EF2B-4BF7-AE7E-CD156076DE20}.Ad-Hoc|x64.Build.0 = Release|Any CPU
		{735790F0-EF2B-4BF7-AE7E-CD156076DE20}.Ad-Hoc|x86.ActiveCfg = Release|Any CPU
		{735790F0-EF2B-4BF7-AE7E-CD156076DE20}.Ad-Hoc|x86.Build.0 = Release|Any CPU
		{735790F0-EF2B-4BF7-AE7E-CD156076DE20}.AppStore|Any CPU.ActiveCfg = Release|Any CPU
		{735790F0-EF2B-4BF7-AE7E-CD156076DE20}.AppStore|Any CPU.Build.0 = Release|Any CPU
		{735790F0-EF2B-4BF7-AE7E-CD156076DE20}.AppStore|ARM.ActiveCfg = Release|Any CPU
		{735790F0-EF2B-4BF7-AE7E-CD156076DE20}.AppStore|ARM.Build.0 = Release|Any CPU
		{735790F0-EF2B-4BF7-AE7E-CD156076DE20}.AppStore|ARM64.ActiveCfg = Release|Any CPU
		{735790F0-EF2B-4BF7-AE7E-CD156076DE20}.AppStore|ARM64.Build.0 = Release|Any CPU
		{735790F0-EF2B-4BF7-AE7E-CD156076DE20}.AppStore|iPhone.ActiveCfg = Release|Any CPU
		{735790F0-EF2B-4BF7-AE7E-CD156076DE20}.AppStore|iPhone.Build.0 = Release|Any CPU
		{735790F0-EF2B-4BF7-AE7E-CD156076DE20}.AppStore|iPhoneSimulator.ActiveCfg = Release|Any CPU
		{735790F0-EF2B-4BF7-AE7E-CD156076DE20}.AppStore|iPhoneSimulator.Build.0 = Release|Any CPU
		{735790F0-EF2B-4BF7-AE7E-CD156076DE20}.AppStore|x64.ActiveCfg = Release|Any CPU
		{735790F0-EF2B-4BF7-AE7E-CD156076DE20}.AppStore|x64.Build.0 = Release|Any CPU
		{735790F0-EF2B-4BF7-AE7E-CD156076DE20}.AppStore|x86.ActiveCfg = Release|Any CPU
		{735790F0-EF2B-4BF7-AE7E-CD156076DE20}.AppStore|x86.Build.0 = Release|Any CPU
		{735790F0-EF2B-4BF7-AE7E-CD156076DE20}.Debug|Any CPU.ActiveCfg = Debug|Any CPU
		{735790F0-EF2B-4BF7-AE7E-CD156076DE20}.Debug|Any CPU.Build.0 = Debug|Any CPU
		{735790F0-EF2B-4BF7-AE7E-CD156076DE20}.Debug|Any CPU.Deploy.0 = Debug|Any CPU
		{735790F0-EF2B-4BF7-AE7E-CD156076DE20}.Debug|ARM.ActiveCfg = Debug|Any CPU
		{735790F0-EF2B-4BF7-AE7E-CD156076DE20}.Debug|ARM.Build.0 = Debug|Any CPU
		{735790F0-EF2B-4BF7-AE7E-CD156076DE20}.Debug|ARM.Deploy.0 = Debug|Any CPU
		{735790F0-EF2B-4BF7-AE7E-CD156076DE20}.Debug|ARM64.ActiveCfg = Debug|Any CPU
		{735790F0-EF2B-4BF7-AE7E-CD156076DE20}.Debug|ARM64.Build.0 = Debug|Any CPU
		{735790F0-EF2B-4BF7-AE7E-CD156076DE20}.Debug|ARM64.Deploy.0 = Debug|Any CPU
		{735790F0-EF2B-4BF7-AE7E-CD156076DE20}.Debug|iPhone.ActiveCfg = Debug|Any CPU
		{735790F0-EF2B-4BF7-AE7E-CD156076DE20}.Debug|iPhone.Build.0 = Debug|Any CPU
		{735790F0-EF2B-4BF7-AE7E-CD156076DE20}.Debug|iPhone.Deploy.0 = Debug|Any CPU
		{735790F0-EF2B-4BF7-AE7E-CD156076DE20}.Debug|iPhoneSimulator.ActiveCfg = Debug|Any CPU
		{735790F0-EF2B-4BF7-AE7E-CD156076DE20}.Debug|iPhoneSimulator.Build.0 = Debug|Any CPU
		{735790F0-EF2B-4BF7-AE7E-CD156076DE20}.Debug|iPhoneSimulator.Deploy.0 = Debug|Any CPU
		{735790F0-EF2B-4BF7-AE7E-CD156076DE20}.Debug|x64.ActiveCfg = Debug|Any CPU
		{735790F0-EF2B-4BF7-AE7E-CD156076DE20}.Debug|x64.Build.0 = Debug|Any CPU
		{735790F0-EF2B-4BF7-AE7E-CD156076DE20}.Debug|x64.Deploy.0 = Debug|Any CPU
		{735790F0-EF2B-4BF7-AE7E-CD156076DE20}.Debug|x86.ActiveCfg = Debug|Any CPU
		{735790F0-EF2B-4BF7-AE7E-CD156076DE20}.Debug|x86.Build.0 = Debug|Any CPU
		{735790F0-EF2B-4BF7-AE7E-CD156076DE20}.Debug|x86.Deploy.0 = Debug|Any CPU
		{735790F0-EF2B-4BF7-AE7E-CD156076DE20}.Release|Any CPU.ActiveCfg = Release|Any CPU
		{735790F0-EF2B-4BF7-AE7E-CD156076DE20}.Release|Any CPU.Build.0 = Release|Any CPU
		{735790F0-EF2B-4BF7-AE7E-CD156076DE20}.Release|ARM.ActiveCfg = Release|Any CPU
		{735790F0-EF2B-4BF7-AE7E-CD156076DE20}.Release|ARM.Build.0 = Release|Any CPU
		{735790F0-EF2B-4BF7-AE7E-CD156076DE20}.Release|ARM.Deploy.0 = Release|Any CPU
		{735790F0-EF2B-4BF7-AE7E-CD156076DE20}.Release|ARM64.ActiveCfg = Release|Any CPU
		{735790F0-EF2B-4BF7-AE7E-CD156076DE20}.Release|ARM64.Build.0 = Release|Any CPU
		{735790F0-EF2B-4BF7-AE7E-CD156076DE20}.Release|ARM64.Deploy.0 = Release|Any CPU
		{735790F0-EF2B-4BF7-AE7E-CD156076DE20}.Release|iPhone.ActiveCfg = Release|Any CPU
		{735790F0-EF2B-4BF7-AE7E-CD156076DE20}.Release|iPhone.Build.0 = Release|Any CPU
		{735790F0-EF2B-4BF7-AE7E-CD156076DE20}.Release|iPhoneSimulator.ActiveCfg = Release|Any CPU
		{735790F0-EF2B-4BF7-AE7E-CD156076DE20}.Release|iPhoneSimulator.Build.0 = Release|Any CPU
		{735790F0-EF2B-4BF7-AE7E-CD156076DE20}.Release|iPhoneSimulator.Deploy.0 = Release|Any CPU
		{735790F0-EF2B-4BF7-AE7E-CD156076DE20}.Release|x64.ActiveCfg = Release|Any CPU
		{735790F0-EF2B-4BF7-AE7E-CD156076DE20}.Release|x64.Build.0 = Release|Any CPU
		{735790F0-EF2B-4BF7-AE7E-CD156076DE20}.Release|x64.Deploy.0 = Release|Any CPU
		{735790F0-EF2B-4BF7-AE7E-CD156076DE20}.Release|x86.ActiveCfg = Release|Any CPU
		{735790F0-EF2B-4BF7-AE7E-CD156076DE20}.Release|x86.Build.0 = Release|Any CPU
		{735790F0-EF2B-4BF7-AE7E-CD156076DE20}.Release|x86.Deploy.0 = Release|Any CPU
		{6CF284A4-22B1-4F05-97F4-F095C07A598E}.Ad-Hoc|Any CPU.ActiveCfg = Release|Any CPU
		{6CF284A4-22B1-4F05-97F4-F095C07A598E}.Ad-Hoc|Any CPU.Build.0 = Release|Any CPU
		{6CF284A4-22B1-4F05-97F4-F095C07A598E}.Ad-Hoc|ARM.ActiveCfg = Release|Any CPU
		{6CF284A4-22B1-4F05-97F4-F095C07A598E}.Ad-Hoc|ARM.Build.0 = Release|Any CPU
		{6CF284A4-22B1-4F05-97F4-F095C07A598E}.Ad-Hoc|ARM64.ActiveCfg = Release|Any CPU
		{6CF284A4-22B1-4F05-97F4-F095C07A598E}.Ad-Hoc|ARM64.Build.0 = Release|Any CPU
		{6CF284A4-22B1-4F05-97F4-F095C07A598E}.Ad-Hoc|iPhone.ActiveCfg = Release|Any CPU
		{6CF284A4-22B1-4F05-97F4-F095C07A598E}.Ad-Hoc|iPhone.Build.0 = Release|Any CPU
		{6CF284A4-22B1-4F05-97F4-F095C07A598E}.Ad-Hoc|iPhoneSimulator.ActiveCfg = Release|Any CPU
		{6CF284A4-22B1-4F05-97F4-F095C07A598E}.Ad-Hoc|iPhoneSimulator.Build.0 = Release|Any CPU
		{6CF284A4-22B1-4F05-97F4-F095C07A598E}.Ad-Hoc|x64.ActiveCfg = Release|Any CPU
		{6CF284A4-22B1-4F05-97F4-F095C07A598E}.Ad-Hoc|x64.Build.0 = Release|Any CPU
		{6CF284A4-22B1-4F05-97F4-F095C07A598E}.Ad-Hoc|x86.ActiveCfg = Release|Any CPU
		{6CF284A4-22B1-4F05-97F4-F095C07A598E}.Ad-Hoc|x86.Build.0 = Release|Any CPU
		{6CF284A4-22B1-4F05-97F4-F095C07A598E}.AppStore|Any CPU.ActiveCfg = Release|Any CPU
		{6CF284A4-22B1-4F05-97F4-F095C07A598E}.AppStore|Any CPU.Build.0 = Release|Any CPU
		{6CF284A4-22B1-4F05-97F4-F095C07A598E}.AppStore|ARM.ActiveCfg = Release|Any CPU
		{6CF284A4-22B1-4F05-97F4-F095C07A598E}.AppStore|ARM.Build.0 = Release|Any CPU
		{6CF284A4-22B1-4F05-97F4-F095C07A598E}.AppStore|ARM64.ActiveCfg = Release|Any CPU
		{6CF284A4-22B1-4F05-97F4-F095C07A598E}.AppStore|ARM64.Build.0 = Release|Any CPU
		{6CF284A4-22B1-4F05-97F4-F095C07A598E}.AppStore|iPhone.ActiveCfg = Release|Any CPU
		{6CF284A4-22B1-4F05-97F4-F095C07A598E}.AppStore|iPhone.Build.0 = Release|Any CPU
		{6CF284A4-22B1-4F05-97F4-F095C07A598E}.AppStore|iPhoneSimulator.ActiveCfg = Release|Any CPU
		{6CF284A4-22B1-4F05-97F4-F095C07A598E}.AppStore|iPhoneSimulator.Build.0 = Release|Any CPU
		{6CF284A4-22B1-4F05-97F4-F095C07A598E}.AppStore|x64.ActiveCfg = Release|Any CPU
		{6CF284A4-22B1-4F05-97F4-F095C07A598E}.AppStore|x64.Build.0 = Release|Any CPU
		{6CF284A4-22B1-4F05-97F4-F095C07A598E}.AppStore|x86.ActiveCfg = Release|Any CPU
		{6CF284A4-22B1-4F05-97F4-F095C07A598E}.AppStore|x86.Build.0 = Release|Any CPU
		{6CF284A4-22B1-4F05-97F4-F095C07A598E}.Debug|Any CPU.ActiveCfg = Debug|Any CPU
		{6CF284A4-22B1-4F05-97F4-F095C07A598E}.Debug|Any CPU.Build.0 = Debug|Any CPU
		{6CF284A4-22B1-4F05-97F4-F095C07A598E}.Debug|ARM.ActiveCfg = Debug|Any CPU
		{6CF284A4-22B1-4F05-97F4-F095C07A598E}.Debug|ARM.Build.0 = Debug|Any CPU
		{6CF284A4-22B1-4F05-97F4-F095C07A598E}.Debug|ARM64.ActiveCfg = Debug|Any CPU
		{6CF284A4-22B1-4F05-97F4-F095C07A598E}.Debug|ARM64.Build.0 = Debug|Any CPU
		{6CF284A4-22B1-4F05-97F4-F095C07A598E}.Debug|iPhone.ActiveCfg = Debug|Any CPU
		{6CF284A4-22B1-4F05-97F4-F095C07A598E}.Debug|iPhone.Build.0 = Debug|Any CPU
		{6CF284A4-22B1-4F05-97F4-F095C07A598E}.Debug|iPhoneSimulator.ActiveCfg = Debug|Any CPU
		{6CF284A4-22B1-4F05-97F4-F095C07A598E}.Debug|iPhoneSimulator.Build.0 = Debug|Any CPU
		{6CF284A4-22B1-4F05-97F4-F095C07A598E}.Debug|x64.ActiveCfg = Debug|Any CPU
		{6CF284A4-22B1-4F05-97F4-F095C07A598E}.Debug|x64.Build.0 = Debug|Any CPU
		{6CF284A4-22B1-4F05-97F4-F095C07A598E}.Debug|x86.ActiveCfg = Debug|Any CPU
		{6CF284A4-22B1-4F05-97F4-F095C07A598E}.Debug|x86.Build.0 = Debug|Any CPU
		{6CF284A4-22B1-4F05-97F4-F095C07A598E}.Release|Any CPU.ActiveCfg = Release|Any CPU
		{6CF284A4-22B1-4F05-97F4-F095C07A598E}.Release|Any CPU.Build.0 = Release|Any CPU
		{6CF284A4-22B1-4F05-97F4-F095C07A598E}.Release|ARM.ActiveCfg = Release|Any CPU
		{6CF284A4-22B1-4F05-97F4-F095C07A598E}.Release|ARM.Build.0 = Release|Any CPU
		{6CF284A4-22B1-4F05-97F4-F095C07A598E}.Release|ARM64.ActiveCfg = Release|Any CPU
		{6CF284A4-22B1-4F05-97F4-F095C07A598E}.Release|ARM64.Build.0 = Release|Any CPU
		{6CF284A4-22B1-4F05-97F4-F095C07A598E}.Release|iPhone.ActiveCfg = Release|Any CPU
		{6CF284A4-22B1-4F05-97F4-F095C07A598E}.Release|iPhone.Build.0 = Release|Any CPU
		{6CF284A4-22B1-4F05-97F4-F095C07A598E}.Release|iPhoneSimulator.ActiveCfg = Release|Any CPU
		{6CF284A4-22B1-4F05-97F4-F095C07A598E}.Release|iPhoneSimulator.Build.0 = Release|Any CPU
		{6CF284A4-22B1-4F05-97F4-F095C07A598E}.Release|x64.ActiveCfg = Release|Any CPU
		{6CF284A4-22B1-4F05-97F4-F095C07A598E}.Release|x64.Build.0 = Release|Any CPU
		{6CF284A4-22B1-4F05-97F4-F095C07A598E}.Release|x86.ActiveCfg = Release|Any CPU
		{6CF284A4-22B1-4F05-97F4-F095C07A598E}.Release|x86.Build.0 = Release|Any CPU
		{1AA13270-F438-4864-9435-54FD806E10EA}.Ad-Hoc|Any CPU.ActiveCfg = Release|Any CPU
		{1AA13270-F438-4864-9435-54FD806E10EA}.Ad-Hoc|Any CPU.Build.0 = Release|Any CPU
		{1AA13270-F438-4864-9435-54FD806E10EA}.Ad-Hoc|ARM.ActiveCfg = Release|Any CPU
		{1AA13270-F438-4864-9435-54FD806E10EA}.Ad-Hoc|ARM.Build.0 = Release|Any CPU
		{1AA13270-F438-4864-9435-54FD806E10EA}.Ad-Hoc|ARM64.ActiveCfg = Debug|arm64
		{1AA13270-F438-4864-9435-54FD806E10EA}.Ad-Hoc|ARM64.Build.0 = Debug|arm64
		{1AA13270-F438-4864-9435-54FD806E10EA}.Ad-Hoc|iPhone.ActiveCfg = Release|Any CPU
		{1AA13270-F438-4864-9435-54FD806E10EA}.Ad-Hoc|iPhone.Build.0 = Release|Any CPU
		{1AA13270-F438-4864-9435-54FD806E10EA}.Ad-Hoc|iPhoneSimulator.ActiveCfg = Release|Any CPU
		{1AA13270-F438-4864-9435-54FD806E10EA}.Ad-Hoc|iPhoneSimulator.Build.0 = Release|Any CPU
		{1AA13270-F438-4864-9435-54FD806E10EA}.Ad-Hoc|x64.ActiveCfg = Debug|x64
		{1AA13270-F438-4864-9435-54FD806E10EA}.Ad-Hoc|x64.Build.0 = Debug|x64
		{1AA13270-F438-4864-9435-54FD806E10EA}.Ad-Hoc|x86.ActiveCfg = Release|x86
		{1AA13270-F438-4864-9435-54FD806E10EA}.Ad-Hoc|x86.Build.0 = Release|x86
		{1AA13270-F438-4864-9435-54FD806E10EA}.AppStore|Any CPU.ActiveCfg = Release|Any CPU
		{1AA13270-F438-4864-9435-54FD806E10EA}.AppStore|Any CPU.Build.0 = Release|Any CPU
		{1AA13270-F438-4864-9435-54FD806E10EA}.AppStore|ARM.ActiveCfg = Release|Any CPU
		{1AA13270-F438-4864-9435-54FD806E10EA}.AppStore|ARM.Build.0 = Release|Any CPU
		{1AA13270-F438-4864-9435-54FD806E10EA}.AppStore|ARM64.ActiveCfg = Debug|arm64
		{1AA13270-F438-4864-9435-54FD806E10EA}.AppStore|ARM64.Build.0 = Debug|arm64
		{1AA13270-F438-4864-9435-54FD806E10EA}.AppStore|iPhone.ActiveCfg = Release|Any CPU
		{1AA13270-F438-4864-9435-54FD806E10EA}.AppStore|iPhone.Build.0 = Release|Any CPU
		{1AA13270-F438-4864-9435-54FD806E10EA}.AppStore|iPhoneSimulator.ActiveCfg = Release|Any CPU
		{1AA13270-F438-4864-9435-54FD806E10EA}.AppStore|iPhoneSimulator.Build.0 = Release|Any CPU
		{1AA13270-F438-4864-9435-54FD806E10EA}.AppStore|x64.ActiveCfg = Debug|x64
		{1AA13270-F438-4864-9435-54FD806E10EA}.AppStore|x64.Build.0 = Debug|x64
		{1AA13270-F438-4864-9435-54FD806E10EA}.AppStore|x86.ActiveCfg = Release|x86
		{1AA13270-F438-4864-9435-54FD806E10EA}.AppStore|x86.Build.0 = Release|x86
		{1AA13270-F438-4864-9435-54FD806E10EA}.Debug|Any CPU.ActiveCfg = Debug|x86
		{1AA13270-F438-4864-9435-54FD806E10EA}.Debug|ARM.ActiveCfg = Debug|x86
		{1AA13270-F438-4864-9435-54FD806E10EA}.Debug|ARM64.ActiveCfg = Debug|x86
		{1AA13270-F438-4864-9435-54FD806E10EA}.Debug|iPhone.ActiveCfg = Debug|x86
		{1AA13270-F438-4864-9435-54FD806E10EA}.Debug|iPhoneSimulator.ActiveCfg = Debug|x86
		{1AA13270-F438-4864-9435-54FD806E10EA}.Debug|x64.ActiveCfg = Debug|x64
		{1AA13270-F438-4864-9435-54FD806E10EA}.Debug|x64.Build.0 = Debug|x64
		{1AA13270-F438-4864-9435-54FD806E10EA}.Debug|x86.ActiveCfg = Debug|x86
		{1AA13270-F438-4864-9435-54FD806E10EA}.Debug|x86.Build.0 = Debug|x86
		{1AA13270-F438-4864-9435-54FD806E10EA}.Release|Any CPU.ActiveCfg = Release|Any CPU
		{1AA13270-F438-4864-9435-54FD806E10EA}.Release|Any CPU.Build.0 = Release|Any CPU
		{1AA13270-F438-4864-9435-54FD806E10EA}.Release|ARM.ActiveCfg = Release|Any CPU
		{1AA13270-F438-4864-9435-54FD806E10EA}.Release|ARM.Build.0 = Release|Any CPU
		{1AA13270-F438-4864-9435-54FD806E10EA}.Release|ARM64.ActiveCfg = Release|x86
		{1AA13270-F438-4864-9435-54FD806E10EA}.Release|ARM64.Build.0 = Release|x86
		{1AA13270-F438-4864-9435-54FD806E10EA}.Release|iPhone.ActiveCfg = Release|Any CPU
		{1AA13270-F438-4864-9435-54FD806E10EA}.Release|iPhone.Build.0 = Release|Any CPU
		{1AA13270-F438-4864-9435-54FD806E10EA}.Release|iPhoneSimulator.ActiveCfg = Release|Any CPU
		{1AA13270-F438-4864-9435-54FD806E10EA}.Release|iPhoneSimulator.Build.0 = Release|Any CPU
		{1AA13270-F438-4864-9435-54FD806E10EA}.Release|x64.ActiveCfg = Release|x86
		{1AA13270-F438-4864-9435-54FD806E10EA}.Release|x64.Build.0 = Release|x86
		{1AA13270-F438-4864-9435-54FD806E10EA}.Release|x86.ActiveCfg = Release|x86
		{1AA13270-F438-4864-9435-54FD806E10EA}.Release|x86.Build.0 = Release|x86
		{B95B092F-DF41-44A3-9841-7173DFFAD351}.Ad-Hoc|Any CPU.ActiveCfg = Release|x64
		{B95B092F-DF41-44A3-9841-7173DFFAD351}.Ad-Hoc|Any CPU.Build.0 = Release|x64
		{B95B092F-DF41-44A3-9841-7173DFFAD351}.Ad-Hoc|Any CPU.Deploy.0 = Release|x64
		{B95B092F-DF41-44A3-9841-7173DFFAD351}.Ad-Hoc|ARM.ActiveCfg = Release|x64
		{B95B092F-DF41-44A3-9841-7173DFFAD351}.Ad-Hoc|ARM.Build.0 = Release|x64
		{B95B092F-DF41-44A3-9841-7173DFFAD351}.Ad-Hoc|ARM.Deploy.0 = Release|x64
		{B95B092F-DF41-44A3-9841-7173DFFAD351}.Ad-Hoc|ARM64.ActiveCfg = Release|arm64
		{B95B092F-DF41-44A3-9841-7173DFFAD351}.Ad-Hoc|ARM64.Build.0 = Release|arm64
		{B95B092F-DF41-44A3-9841-7173DFFAD351}.Ad-Hoc|ARM64.Deploy.0 = Release|arm64
		{B95B092F-DF41-44A3-9841-7173DFFAD351}.Ad-Hoc|iPhone.ActiveCfg = Release|x64
		{B95B092F-DF41-44A3-9841-7173DFFAD351}.Ad-Hoc|iPhone.Build.0 = Release|x64
		{B95B092F-DF41-44A3-9841-7173DFFAD351}.Ad-Hoc|iPhone.Deploy.0 = Release|x64
		{B95B092F-DF41-44A3-9841-7173DFFAD351}.Ad-Hoc|iPhoneSimulator.ActiveCfg = Release|x64
		{B95B092F-DF41-44A3-9841-7173DFFAD351}.Ad-Hoc|iPhoneSimulator.Build.0 = Release|x64
		{B95B092F-DF41-44A3-9841-7173DFFAD351}.Ad-Hoc|iPhoneSimulator.Deploy.0 = Release|x64
		{B95B092F-DF41-44A3-9841-7173DFFAD351}.Ad-Hoc|x64.ActiveCfg = Release|x64
		{B95B092F-DF41-44A3-9841-7173DFFAD351}.Ad-Hoc|x64.Build.0 = Release|x64
		{B95B092F-DF41-44A3-9841-7173DFFAD351}.Ad-Hoc|x64.Deploy.0 = Release|x64
		{B95B092F-DF41-44A3-9841-7173DFFAD351}.Ad-Hoc|x86.ActiveCfg = Release|x86
		{B95B092F-DF41-44A3-9841-7173DFFAD351}.Ad-Hoc|x86.Build.0 = Release|x86
		{B95B092F-DF41-44A3-9841-7173DFFAD351}.Ad-Hoc|x86.Deploy.0 = Release|x86
		{B95B092F-DF41-44A3-9841-7173DFFAD351}.AppStore|Any CPU.ActiveCfg = Release|x64
		{B95B092F-DF41-44A3-9841-7173DFFAD351}.AppStore|Any CPU.Build.0 = Release|x64
		{B95B092F-DF41-44A3-9841-7173DFFAD351}.AppStore|Any CPU.Deploy.0 = Release|x64
		{B95B092F-DF41-44A3-9841-7173DFFAD351}.AppStore|ARM.ActiveCfg = Release|x64
		{B95B092F-DF41-44A3-9841-7173DFFAD351}.AppStore|ARM.Build.0 = Release|x64
		{B95B092F-DF41-44A3-9841-7173DFFAD351}.AppStore|ARM.Deploy.0 = Release|x64
		{B95B092F-DF41-44A3-9841-7173DFFAD351}.AppStore|ARM64.ActiveCfg = Release|arm64
		{B95B092F-DF41-44A3-9841-7173DFFAD351}.AppStore|ARM64.Build.0 = Release|arm64
		{B95B092F-DF41-44A3-9841-7173DFFAD351}.AppStore|ARM64.Deploy.0 = Release|arm64
		{B95B092F-DF41-44A3-9841-7173DFFAD351}.AppStore|iPhone.ActiveCfg = Release|x64
		{B95B092F-DF41-44A3-9841-7173DFFAD351}.AppStore|iPhone.Build.0 = Release|x64
		{B95B092F-DF41-44A3-9841-7173DFFAD351}.AppStore|iPhone.Deploy.0 = Release|x64
		{B95B092F-DF41-44A3-9841-7173DFFAD351}.AppStore|iPhoneSimulator.ActiveCfg = Release|x64
		{B95B092F-DF41-44A3-9841-7173DFFAD351}.AppStore|iPhoneSimulator.Build.0 = Release|x64
		{B95B092F-DF41-44A3-9841-7173DFFAD351}.AppStore|iPhoneSimulator.Deploy.0 = Release|x64
		{B95B092F-DF41-44A3-9841-7173DFFAD351}.AppStore|x64.ActiveCfg = Release|x64
		{B95B092F-DF41-44A3-9841-7173DFFAD351}.AppStore|x64.Build.0 = Release|x64
		{B95B092F-DF41-44A3-9841-7173DFFAD351}.AppStore|x64.Deploy.0 = Release|x64
		{B95B092F-DF41-44A3-9841-7173DFFAD351}.AppStore|x86.ActiveCfg = Release|x86
		{B95B092F-DF41-44A3-9841-7173DFFAD351}.AppStore|x86.Build.0 = Release|x86
		{B95B092F-DF41-44A3-9841-7173DFFAD351}.AppStore|x86.Deploy.0 = Release|x86
		{B95B092F-DF41-44A3-9841-7173DFFAD351}.Debug|Any CPU.ActiveCfg = Debug|x86
		{B95B092F-DF41-44A3-9841-7173DFFAD351}.Debug|ARM.ActiveCfg = Debug|x86
		{B95B092F-DF41-44A3-9841-7173DFFAD351}.Debug|ARM64.ActiveCfg = Debug|arm64
		{B95B092F-DF41-44A3-9841-7173DFFAD351}.Debug|ARM64.Build.0 = Debug|arm64
		{B95B092F-DF41-44A3-9841-7173DFFAD351}.Debug|ARM64.Deploy.0 = Debug|arm64
		{B95B092F-DF41-44A3-9841-7173DFFAD351}.Debug|iPhone.ActiveCfg = Debug|x86
		{B95B092F-DF41-44A3-9841-7173DFFAD351}.Debug|iPhoneSimulator.ActiveCfg = Debug|x86
		{B95B092F-DF41-44A3-9841-7173DFFAD351}.Debug|x64.ActiveCfg = Debug|x64
		{B95B092F-DF41-44A3-9841-7173DFFAD351}.Debug|x64.Build.0 = Debug|x64
		{B95B092F-DF41-44A3-9841-7173DFFAD351}.Debug|x64.Deploy.0 = Debug|x64
		{B95B092F-DF41-44A3-9841-7173DFFAD351}.Debug|x86.ActiveCfg = Debug|x86
		{B95B092F-DF41-44A3-9841-7173DFFAD351}.Debug|x86.Build.0 = Debug|x86
		{B95B092F-DF41-44A3-9841-7173DFFAD351}.Debug|x86.Deploy.0 = Debug|x86
		{B95B092F-DF41-44A3-9841-7173DFFAD351}.Release|Any CPU.ActiveCfg = Release|x86
		{B95B092F-DF41-44A3-9841-7173DFFAD351}.Release|ARM.ActiveCfg = Release|x86
		{B95B092F-DF41-44A3-9841-7173DFFAD351}.Release|ARM64.ActiveCfg = Release|arm64
		{B95B092F-DF41-44A3-9841-7173DFFAD351}.Release|ARM64.Build.0 = Release|arm64
		{B95B092F-DF41-44A3-9841-7173DFFAD351}.Release|ARM64.Deploy.0 = Release|arm64
		{B95B092F-DF41-44A3-9841-7173DFFAD351}.Release|iPhone.ActiveCfg = Release|x86
		{B95B092F-DF41-44A3-9841-7173DFFAD351}.Release|iPhoneSimulator.ActiveCfg = Release|x86
		{B95B092F-DF41-44A3-9841-7173DFFAD351}.Release|x64.ActiveCfg = Release|x64
		{B95B092F-DF41-44A3-9841-7173DFFAD351}.Release|x64.Build.0 = Release|x64
		{B95B092F-DF41-44A3-9841-7173DFFAD351}.Release|x64.Deploy.0 = Release|x64
		{B95B092F-DF41-44A3-9841-7173DFFAD351}.Release|x86.ActiveCfg = Release|x86
		{B95B092F-DF41-44A3-9841-7173DFFAD351}.Release|x86.Build.0 = Release|x86
		{B95B092F-DF41-44A3-9841-7173DFFAD351}.Release|x86.Deploy.0 = Release|x86
		{058683D7-F14A-4E1E-9F00-66CFDD6AAC19}.Ad-Hoc|Any CPU.ActiveCfg = Debug|Any CPU
		{058683D7-F14A-4E1E-9F00-66CFDD6AAC19}.Ad-Hoc|Any CPU.Build.0 = Debug|Any CPU
		{058683D7-F14A-4E1E-9F00-66CFDD6AAC19}.Ad-Hoc|ARM.ActiveCfg = Debug|Any CPU
		{058683D7-F14A-4E1E-9F00-66CFDD6AAC19}.Ad-Hoc|ARM.Build.0 = Debug|Any CPU
		{058683D7-F14A-4E1E-9F00-66CFDD6AAC19}.Ad-Hoc|ARM64.ActiveCfg = Debug|Any CPU
		{058683D7-F14A-4E1E-9F00-66CFDD6AAC19}.Ad-Hoc|ARM64.Build.0 = Debug|Any CPU
		{058683D7-F14A-4E1E-9F00-66CFDD6AAC19}.Ad-Hoc|iPhone.ActiveCfg = Debug|Any CPU
		{058683D7-F14A-4E1E-9F00-66CFDD6AAC19}.Ad-Hoc|iPhone.Build.0 = Debug|Any CPU
		{058683D7-F14A-4E1E-9F00-66CFDD6AAC19}.Ad-Hoc|iPhoneSimulator.ActiveCfg = Debug|Any CPU
		{058683D7-F14A-4E1E-9F00-66CFDD6AAC19}.Ad-Hoc|iPhoneSimulator.Build.0 = Debug|Any CPU
		{058683D7-F14A-4E1E-9F00-66CFDD6AAC19}.Ad-Hoc|x64.ActiveCfg = Debug|Any CPU
		{058683D7-F14A-4E1E-9F00-66CFDD6AAC19}.Ad-Hoc|x64.Build.0 = Debug|Any CPU
		{058683D7-F14A-4E1E-9F00-66CFDD6AAC19}.Ad-Hoc|x86.ActiveCfg = Debug|Any CPU
		{058683D7-F14A-4E1E-9F00-66CFDD6AAC19}.Ad-Hoc|x86.Build.0 = Debug|Any CPU
		{058683D7-F14A-4E1E-9F00-66CFDD6AAC19}.AppStore|Any CPU.ActiveCfg = Debug|Any CPU
		{058683D7-F14A-4E1E-9F00-66CFDD6AAC19}.AppStore|Any CPU.Build.0 = Debug|Any CPU
		{058683D7-F14A-4E1E-9F00-66CFDD6AAC19}.AppStore|ARM.ActiveCfg = Debug|Any CPU
		{058683D7-F14A-4E1E-9F00-66CFDD6AAC19}.AppStore|ARM.Build.0 = Debug|Any CPU
		{058683D7-F14A-4E1E-9F00-66CFDD6AAC19}.AppStore|ARM64.ActiveCfg = Debug|Any CPU
		{058683D7-F14A-4E1E-9F00-66CFDD6AAC19}.AppStore|ARM64.Build.0 = Debug|Any CPU
		{058683D7-F14A-4E1E-9F00-66CFDD6AAC19}.AppStore|iPhone.ActiveCfg = Debug|Any CPU
		{058683D7-F14A-4E1E-9F00-66CFDD6AAC19}.AppStore|iPhone.Build.0 = Debug|Any CPU
		{058683D7-F14A-4E1E-9F00-66CFDD6AAC19}.AppStore|iPhoneSimulator.ActiveCfg = Debug|Any CPU
		{058683D7-F14A-4E1E-9F00-66CFDD6AAC19}.AppStore|iPhoneSimulator.Build.0 = Debug|Any CPU
		{058683D7-F14A-4E1E-9F00-66CFDD6AAC19}.AppStore|x64.ActiveCfg = Debug|Any CPU
		{058683D7-F14A-4E1E-9F00-66CFDD6AAC19}.AppStore|x64.Build.0 = Debug|Any CPU
		{058683D7-F14A-4E1E-9F00-66CFDD6AAC19}.AppStore|x86.ActiveCfg = Debug|Any CPU
		{058683D7-F14A-4E1E-9F00-66CFDD6AAC19}.AppStore|x86.Build.0 = Debug|Any CPU
		{058683D7-F14A-4E1E-9F00-66CFDD6AAC19}.Debug|Any CPU.ActiveCfg = Debug|Any CPU
		{058683D7-F14A-4E1E-9F00-66CFDD6AAC19}.Debug|Any CPU.Build.0 = Debug|Any CPU
		{058683D7-F14A-4E1E-9F00-66CFDD6AAC19}.Debug|ARM.ActiveCfg = Debug|Any CPU
		{058683D7-F14A-4E1E-9F00-66CFDD6AAC19}.Debug|ARM.Build.0 = Debug|Any CPU
		{058683D7-F14A-4E1E-9F00-66CFDD6AAC19}.Debug|ARM64.ActiveCfg = Debug|Any CPU
		{058683D7-F14A-4E1E-9F00-66CFDD6AAC19}.Debug|ARM64.Build.0 = Debug|Any CPU
		{058683D7-F14A-4E1E-9F00-66CFDD6AAC19}.Debug|iPhone.ActiveCfg = Debug|Any CPU
		{058683D7-F14A-4E1E-9F00-66CFDD6AAC19}.Debug|iPhone.Build.0 = Debug|Any CPU
		{058683D7-F14A-4E1E-9F00-66CFDD6AAC19}.Debug|iPhoneSimulator.ActiveCfg = Debug|Any CPU
		{058683D7-F14A-4E1E-9F00-66CFDD6AAC19}.Debug|iPhoneSimulator.Build.0 = Debug|Any CPU
		{058683D7-F14A-4E1E-9F00-66CFDD6AAC19}.Debug|x64.ActiveCfg = Debug|Any CPU
		{058683D7-F14A-4E1E-9F00-66CFDD6AAC19}.Debug|x64.Build.0 = Debug|Any CPU
		{058683D7-F14A-4E1E-9F00-66CFDD6AAC19}.Debug|x86.ActiveCfg = Debug|Any CPU
		{058683D7-F14A-4E1E-9F00-66CFDD6AAC19}.Debug|x86.Build.0 = Debug|Any CPU
		{058683D7-F14A-4E1E-9F00-66CFDD6AAC19}.Release|Any CPU.ActiveCfg = Release|Any CPU
		{058683D7-F14A-4E1E-9F00-66CFDD6AAC19}.Release|Any CPU.Build.0 = Release|Any CPU
		{058683D7-F14A-4E1E-9F00-66CFDD6AAC19}.Release|ARM.ActiveCfg = Release|Any CPU
		{058683D7-F14A-4E1E-9F00-66CFDD6AAC19}.Release|ARM.Build.0 = Release|Any CPU
		{058683D7-F14A-4E1E-9F00-66CFDD6AAC19}.Release|ARM64.ActiveCfg = Release|Any CPU
		{058683D7-F14A-4E1E-9F00-66CFDD6AAC19}.Release|ARM64.Build.0 = Release|Any CPU
		{058683D7-F14A-4E1E-9F00-66CFDD6AAC19}.Release|iPhone.ActiveCfg = Release|Any CPU
		{058683D7-F14A-4E1E-9F00-66CFDD6AAC19}.Release|iPhone.Build.0 = Release|Any CPU
		{058683D7-F14A-4E1E-9F00-66CFDD6AAC19}.Release|iPhoneSimulator.ActiveCfg = Release|Any CPU
		{058683D7-F14A-4E1E-9F00-66CFDD6AAC19}.Release|iPhoneSimulator.Build.0 = Release|Any CPU
		{058683D7-F14A-4E1E-9F00-66CFDD6AAC19}.Release|x64.ActiveCfg = Release|Any CPU
		{058683D7-F14A-4E1E-9F00-66CFDD6AAC19}.Release|x64.Build.0 = Release|Any CPU
		{058683D7-F14A-4E1E-9F00-66CFDD6AAC19}.Release|x86.ActiveCfg = Release|Any CPU
		{058683D7-F14A-4E1E-9F00-66CFDD6AAC19}.Release|x86.Build.0 = Release|Any CPU
		{FCC33F74-EA95-4D97-9CCB-B15B60FF54BC}.Ad-Hoc|Any CPU.ActiveCfg = Debug|Any CPU
		{FCC33F74-EA95-4D97-9CCB-B15B60FF54BC}.Ad-Hoc|Any CPU.Build.0 = Debug|Any CPU
		{FCC33F74-EA95-4D97-9CCB-B15B60FF54BC}.Ad-Hoc|ARM.ActiveCfg = Debug|Any CPU
		{FCC33F74-EA95-4D97-9CCB-B15B60FF54BC}.Ad-Hoc|ARM.Build.0 = Debug|Any CPU
		{FCC33F74-EA95-4D97-9CCB-B15B60FF54BC}.Ad-Hoc|ARM64.ActiveCfg = Debug|Any CPU
		{FCC33F74-EA95-4D97-9CCB-B15B60FF54BC}.Ad-Hoc|ARM64.Build.0 = Debug|Any CPU
		{FCC33F74-EA95-4D97-9CCB-B15B60FF54BC}.Ad-Hoc|iPhone.ActiveCfg = Debug|Any CPU
		{FCC33F74-EA95-4D97-9CCB-B15B60FF54BC}.Ad-Hoc|iPhone.Build.0 = Debug|Any CPU
		{FCC33F74-EA95-4D97-9CCB-B15B60FF54BC}.Ad-Hoc|iPhoneSimulator.ActiveCfg = Debug|Any CPU
		{FCC33F74-EA95-4D97-9CCB-B15B60FF54BC}.Ad-Hoc|iPhoneSimulator.Build.0 = Debug|Any CPU
		{FCC33F74-EA95-4D97-9CCB-B15B60FF54BC}.Ad-Hoc|x64.ActiveCfg = Debug|Any CPU
		{FCC33F74-EA95-4D97-9CCB-B15B60FF54BC}.Ad-Hoc|x64.Build.0 = Debug|Any CPU
		{FCC33F74-EA95-4D97-9CCB-B15B60FF54BC}.Ad-Hoc|x86.ActiveCfg = Debug|Any CPU
		{FCC33F74-EA95-4D97-9CCB-B15B60FF54BC}.Ad-Hoc|x86.Build.0 = Debug|Any CPU
		{FCC33F74-EA95-4D97-9CCB-B15B60FF54BC}.AppStore|Any CPU.ActiveCfg = Debug|Any CPU
		{FCC33F74-EA95-4D97-9CCB-B15B60FF54BC}.AppStore|Any CPU.Build.0 = Debug|Any CPU
		{FCC33F74-EA95-4D97-9CCB-B15B60FF54BC}.AppStore|ARM.ActiveCfg = Debug|Any CPU
		{FCC33F74-EA95-4D97-9CCB-B15B60FF54BC}.AppStore|ARM.Build.0 = Debug|Any CPU
		{FCC33F74-EA95-4D97-9CCB-B15B60FF54BC}.AppStore|ARM64.ActiveCfg = Debug|Any CPU
		{FCC33F74-EA95-4D97-9CCB-B15B60FF54BC}.AppStore|ARM64.Build.0 = Debug|Any CPU
		{FCC33F74-EA95-4D97-9CCB-B15B60FF54BC}.AppStore|iPhone.ActiveCfg = Debug|Any CPU
		{FCC33F74-EA95-4D97-9CCB-B15B60FF54BC}.AppStore|iPhone.Build.0 = Debug|Any CPU
		{FCC33F74-EA95-4D97-9CCB-B15B60FF54BC}.AppStore|iPhoneSimulator.ActiveCfg = Debug|Any CPU
		{FCC33F74-EA95-4D97-9CCB-B15B60FF54BC}.AppStore|iPhoneSimulator.Build.0 = Debug|Any CPU
		{FCC33F74-EA95-4D97-9CCB-B15B60FF54BC}.AppStore|x64.ActiveCfg = Debug|Any CPU
		{FCC33F74-EA95-4D97-9CCB-B15B60FF54BC}.AppStore|x64.Build.0 = Debug|Any CPU
		{FCC33F74-EA95-4D97-9CCB-B15B60FF54BC}.AppStore|x86.ActiveCfg = Debug|Any CPU
		{FCC33F74-EA95-4D97-9CCB-B15B60FF54BC}.AppStore|x86.Build.0 = Debug|Any CPU
		{FCC33F74-EA95-4D97-9CCB-B15B60FF54BC}.Debug|Any CPU.ActiveCfg = Debug|Any CPU
		{FCC33F74-EA95-4D97-9CCB-B15B60FF54BC}.Debug|Any CPU.Build.0 = Debug|Any CPU
		{FCC33F74-EA95-4D97-9CCB-B15B60FF54BC}.Debug|ARM.ActiveCfg = Debug|Any CPU
		{FCC33F74-EA95-4D97-9CCB-B15B60FF54BC}.Debug|ARM.Build.0 = Debug|Any CPU
		{FCC33F74-EA95-4D97-9CCB-B15B60FF54BC}.Debug|ARM64.ActiveCfg = Debug|Any CPU
		{FCC33F74-EA95-4D97-9CCB-B15B60FF54BC}.Debug|ARM64.Build.0 = Debug|Any CPU
		{FCC33F74-EA95-4D97-9CCB-B15B60FF54BC}.Debug|iPhone.ActiveCfg = Debug|Any CPU
		{FCC33F74-EA95-4D97-9CCB-B15B60FF54BC}.Debug|iPhone.Build.0 = Debug|Any CPU
		{FCC33F74-EA95-4D97-9CCB-B15B60FF54BC}.Debug|iPhoneSimulator.ActiveCfg = Debug|Any CPU
		{FCC33F74-EA95-4D97-9CCB-B15B60FF54BC}.Debug|iPhoneSimulator.Build.0 = Debug|Any CPU
		{FCC33F74-EA95-4D97-9CCB-B15B60FF54BC}.Debug|x64.ActiveCfg = Debug|Any CPU
		{FCC33F74-EA95-4D97-9CCB-B15B60FF54BC}.Debug|x64.Build.0 = Debug|Any CPU
		{FCC33F74-EA95-4D97-9CCB-B15B60FF54BC}.Debug|x86.ActiveCfg = Debug|Any CPU
		{FCC33F74-EA95-4D97-9CCB-B15B60FF54BC}.Debug|x86.Build.0 = Debug|Any CPU
		{FCC33F74-EA95-4D97-9CCB-B15B60FF54BC}.Release|Any CPU.ActiveCfg = Release|Any CPU
		{FCC33F74-EA95-4D97-9CCB-B15B60FF54BC}.Release|Any CPU.Build.0 = Release|Any CPU
		{FCC33F74-EA95-4D97-9CCB-B15B60FF54BC}.Release|ARM.ActiveCfg = Release|Any CPU
		{FCC33F74-EA95-4D97-9CCB-B15B60FF54BC}.Release|ARM.Build.0 = Release|Any CPU
		{FCC33F74-EA95-4D97-9CCB-B15B60FF54BC}.Release|ARM64.ActiveCfg = Release|Any CPU
		{FCC33F74-EA95-4D97-9CCB-B15B60FF54BC}.Release|ARM64.Build.0 = Release|Any CPU
		{FCC33F74-EA95-4D97-9CCB-B15B60FF54BC}.Release|iPhone.ActiveCfg = Release|Any CPU
		{FCC33F74-EA95-4D97-9CCB-B15B60FF54BC}.Release|iPhone.Build.0 = Release|Any CPU
		{FCC33F74-EA95-4D97-9CCB-B15B60FF54BC}.Release|iPhoneSimulator.ActiveCfg = Release|Any CPU
		{FCC33F74-EA95-4D97-9CCB-B15B60FF54BC}.Release|iPhoneSimulator.Build.0 = Release|Any CPU
		{FCC33F74-EA95-4D97-9CCB-B15B60FF54BC}.Release|x64.ActiveCfg = Release|Any CPU
		{FCC33F74-EA95-4D97-9CCB-B15B60FF54BC}.Release|x64.Build.0 = Release|Any CPU
		{FCC33F74-EA95-4D97-9CCB-B15B60FF54BC}.Release|x86.ActiveCfg = Release|Any CPU
		{FCC33F74-EA95-4D97-9CCB-B15B60FF54BC}.Release|x86.Build.0 = Release|Any CPU
	EndGlobalSection
	GlobalSection(SolutionProperties) = preSolution
		HideSolutionNode = FALSE
	EndGlobalSection
	GlobalSection(NestedProjects) = preSolution
		{195E95AA-1E35-44C7-9912-618343D2E10C} = {39ACA165-8855-4355-8A22-3B26483C30EC}
		{3EA0169B-D9A9-4926-9098-940CCB7057CE} = {39ACA165-8855-4355-8A22-3B26483C30EC}
		{40EA03F7-8A22-4143-B251-79BAC3EB13D2} = {39ACA165-8855-4355-8A22-3B26483C30EC}
		{A0477212-3698-48E0-A3FD-5596524C1DF9} = {39ACA165-8855-4355-8A22-3B26483C30EC}
		{A5B8155A-118F-4794-B551-C6F3CF7E5411} = {39ACA165-8855-4355-8A22-3B26483C30EC}
		{735790F0-EF2B-4BF7-AE7E-CD156076DE20} = {39ACA165-8855-4355-8A22-3B26483C30EC}
		{6CF284A4-22B1-4F05-97F4-F095C07A598E} = {39ACA165-8855-4355-8A22-3B26483C30EC}
		{1AA13270-F438-4864-9435-54FD806E10EA} = {39ACA165-8855-4355-8A22-3B26483C30EC}
		{B95B092F-DF41-44A3-9841-7173DFFAD351} = {39ACA165-8855-4355-8A22-3B26483C30EC}
	EndGlobalSection
	GlobalSection(ExtensibilityGlobals) = postSolution
		SolutionGuid = {C7433AE2-B1A0-4C1A-887E-5CAA7AAF67A6}
	EndGlobalSection
EndGlobal
